
Microsoft Visual Studio Solution File, Format Version 12.00
# Visual Studio Version 16
VisualStudioVersion = 16.0.30611.23
MinimumVisualStudioVersion = 10.0.40219.1
Project("{9A19103F-16F7-4668-BE54-9A1E7A4F7556}") = "TitaniumEggBot", "TitaniumEggBot\TitaniumEggBot.csproj", "{DA5CA138-6C2C-4E11-ABB1-FF9EEAE7067C}"
EndProject
Project("{9A19103F-16F7-4668-BE54-9A1E7A4F7556}") = "TitaniumEggBotTests", "TitaniumEggBotTests\TitaniumEggBotTests.csproj", "{4A7A24E0-3004-43D4-B40A-52A9FA99A6E7}"
	ProjectSection(ProjectDependencies) = postProject
		{DA5CA138-6C2C-4E11-ABB1-FF9EEAE7067C} = {DA5CA138-6C2C-4E11-ABB1-FF9EEAE7067C}
	EndProjectSection
EndProject
Project("{FAE04EC0-301F-11D3-BF4B-00C04F79EFBC}") = "HattingtonGame", "HattingtonGame\HattingtonGame.csproj", "{53EA0F1F-B30A-4CE9-B190-8ECF09DF38F6}"
EndProject
Global
	GlobalSection(SolutionConfigurationPlatforms) = preSolution
		Debug|Any CPU = Debug|Any CPU
		Release|Any CPU = Release|Any CPU
	EndGlobalSection
	GlobalSection(ProjectConfigurationPlatforms) = postSolution
		{DA5CA138-6C2C-4E11-ABB1-FF9EEAE7067C}.Debug|Any CPU.ActiveCfg = Debug|Any CPU
		{DA5CA138-6C2C-4E11-ABB1-FF9EEAE7067C}.Debug|Any CPU.Build.0 = Debug|Any CPU
		{DA5CA138-6C2C-4E11-ABB1-FF9EEAE7067C}.Release|Any CPU.ActiveCfg = Release|Any CPU
		{DA5CA138-6C2C-4E11-ABB1-FF9EEAE7067C}.Release|Any CPU.Build.0 = Release|Any CPU
		{4A7A24E0-3004-43D4-B40A-52A9FA99A6E7}.Debug|Any CPU.ActiveCfg = Debug|Any CPU
		{4A7A24E0-3004-43D4-B40A-52A9FA99A6E7}.Debug|Any CPU.Build.0 = Debug|Any CPU
		{4A7A24E0-3004-43D4-B40A-52A9FA99A6E7}.Release|Any CPU.ActiveCfg = Release|Any CPU
		{4A7A24E0-3004-43D4-B40A-52A9FA99A6E7}.Release|Any CPU.Build.0 = Release|Any CPU
		{53EA0F1F-B30A-4CE9-B190-8ECF09DF38F6}.Debug|Any CPU.ActiveCfg = Debug|Any CPU
		{53EA0F1F-B30A-4CE9-B190-8ECF09DF38F6}.Debug|Any CPU.Build.0 = Debug|Any CPU
		{53EA0F1F-B30A-4CE9-B190-8ECF09DF38F6}.Release|Any CPU.ActiveCfg = Release|Any CPU
		{53EA0F1F-B30A-4CE9-B190-8ECF09DF38F6}.Release|Any CPU.Build.0 = Release|Any CPU
	EndGlobalSection
	GlobalSection(SolutionProperties) = preSolution
		HideSolutionNode = FALSE
	EndGlobalSection
	GlobalSection(ExtensibilityGlobals) = postSolution
		SolutionGuid = {006F1DD3-5701-47C1-9AEE-2A29237BC835}
	EndGlobalSection
EndGlobal
